--- 
dependencies: 
  rake: 
    group: 
    - :default
    version: ">= 0"
  thin: 
    group: 
    - :default
    version: ">= 0"
  rack: 
    group: 
    - :default
    version: ">= 0"
  erlectricity: 
    group: 
    - :default
    version: ">= 0"
specs: 
- rake: 
    version: 0.8.7
- daemons: 
    version: 1.0.10
- erlectricity: 
    version: 1.1.1
- eventmachine: 
    version: 0.12.10
- rack: 
    version: 1.1.0
- thin: 
    version: 1.2.7
hash: e6e22f11fccf9ee927857d701e02865153d4daec
sources: 
- Rubygems: 
    uri: http://gemcutter.org
